
Microsoft Visual Studio Solution File, Format Version 11.00
# Visual Studio 2010
Project("{FAE04EC0-301F-11D3-BF4B-00C04F79EFBC}") = "Presentation", "Presentation\Presentation.csproj", "{08D7DCC3-AB48-4DFF-9A0C-74FA4D1854BE}"
EndProject
Project("{FAE04EC0-301F-11D3-BF4B-00C04F79EFBC}") = "Infrastructure", "Infrastructure\Infrastructure.csproj", "{64ED44D3-8164-412B-8569-9E7A39855FD4}"
EndProject
Project("{FAE04EC0-301F-11D3-BF4B-00C04F79EFBC}") = "Infrastructure.Impl", "Infrastructure.Impl\Infrastructure.Impl.csproj", "{A36E64F0-0D1F-4738-88DF-BFF3E797C5E9}"
EndProject
Project("{FAE04EC0-301F-11D3-BF4B-00C04F79EFBC}") = "Domain", "Domain\Domain.csproj", "{5B300AEF-59BF-42A4-B407-1E48A6D0660D}"
EndProject
Project("{FAE04EC0-301F-11D3-BF4B-00C04F79EFBC}") = "Infrastructure.Web", "Infrastructure.Web\Infrastructure.Web.csproj", "{998E00CE-3190-472E-B0F7-5D161D70A6EA}"
EndProject
Project("{FAE04EC0-301F-11D3-BF4B-00C04F79EFBC}") = "Domain.ViewModel", "Domain.ViewModel\Domain.ViewModel.csproj", "{76DA70EC-25D3-4202-A6E5-2D69290C56E7}"
EndProject
Project("{FAE04EC0-301F-11D3-BF4B-00C04F79EFBC}") = "Domain.Commands", "Domain.Commands\Domain.Commands.csproj", "{B7E22C30-AF78-4C90-857B-C07E74A9C387}"
EndProject
Project("{FAE04EC0-301F-11D3-BF4B-00C04F79EFBC}") = "Domain.CommandHandlers", "Domain.CommandHandlers\Domain.CommandHandlers.csproj", "{3242A525-227D-4E69-AE76-EF95BDCC9790}"
EndProject
Project("{FAE04EC0-301F-11D3-BF4B-00C04F79EFBC}") = "Domain.Events", "Domain.Events\Domain.Events.csproj", "{0DF1AB01-A6A7-43C8-AFD8-AFCE8059E088}"
EndProject
Global
	GlobalSection(SolutionConfigurationPlatforms) = preSolution
		Debug|Any CPU = Debug|Any CPU
		Release|Any CPU = Release|Any CPU
	EndGlobalSection
	GlobalSection(ProjectConfigurationPlatforms) = postSolution
		{08D7DCC3-AB48-4DFF-9A0C-74FA4D1854BE}.Debug|Any CPU.ActiveCfg = Debug|Any CPU
		{08D7DCC3-AB48-4DFF-9A0C-74FA4D1854BE}.Debug|Any CPU.Build.0 = Debug|Any CPU
		{08D7DCC3-AB48-4DFF-9A0C-74FA4D1854BE}.Release|Any CPU.ActiveCfg = Release|Any CPU
		{08D7DCC3-AB48-4DFF-9A0C-74FA4D1854BE}.Release|Any CPU.Build.0 = Release|Any CPU
		{64ED44D3-8164-412B-8569-9E7A39855FD4}.Debug|Any CPU.ActiveCfg = Debug|Any CPU
		{64ED44D3-8164-412B-8569-9E7A39855FD4}.Debug|Any CPU.Build.0 = Debug|Any CPU
		{64ED44D3-8164-412B-8569-9E7A39855FD4}.Release|Any CPU.ActiveCfg = Release|Any CPU
		{64ED44D3-8164-412B-8569-9E7A39855FD4}.Release|Any CPU.Build.0 = Release|Any CPU
		{A36E64F0-0D1F-4738-88DF-BFF3E797C5E9}.Debug|Any CPU.ActiveCfg = Debug|Any CPU
		{A36E64F0-0D1F-4738-88DF-BFF3E797C5E9}.Debug|Any CPU.Build.0 = Debug|Any CPU
		{A36E64F0-0D1F-4738-88DF-BFF3E797C5E9}.Release|Any CPU.ActiveCfg = Release|Any CPU
		{A36E64F0-0D1F-4738-88DF-BFF3E797C5E9}.Release|Any CPU.Build.0 = Release|Any CPU
		{5B300AEF-59BF-42A4-B407-1E48A6D0660D}.Debug|Any CPU.ActiveCfg = Debug|Any CPU
		{5B300AEF-59BF-42A4-B407-1E48A6D0660D}.Debug|Any CPU.Build.0 = Debug|Any CPU
		{5B300AEF-59BF-42A4-B407-1E48A6D0660D}.Release|Any CPU.ActiveCfg = Release|Any CPU
		{5B300AEF-59BF-42A4-B407-1E48A6D0660D}.Release|Any CPU.Build.0 = Release|Any CPU
		{998E00CE-3190-472E-B0F7-5D161D70A6EA}.Debug|Any CPU.ActiveCfg = Debug|Any CPU
		{998E00CE-3190-472E-B0F7-5D161D70A6EA}.Debug|Any CPU.Build.0 = Debug|Any CPU
		{998E00CE-3190-472E-B0F7-5D161D70A6EA}.Release|Any CPU.ActiveCfg = Release|Any CPU
		{998E00CE-3190-472E-B0F7-5D161D70A6EA}.Release|Any CPU.Build.0 = Release|Any CPU
		{76DA70EC-25D3-4202-A6E5-2D69290C56E7}.Debug|Any CPU.ActiveCfg = Debug|Any CPU
		{76DA70EC-25D3-4202-A6E5-2D69290C56E7}.Debug|Any CPU.Build.0 = Debug|Any CPU
		{76DA70EC-25D3-4202-A6E5-2D69290C56E7}.Release|Any CPU.ActiveCfg = Release|Any CPU
		{76DA70EC-25D3-4202-A6E5-2D69290C56E7}.Release|Any CPU.Build.0 = Release|Any CPU
		{B7E22C30-AF78-4C90-857B-C07E74A9C387}.Debug|Any CPU.ActiveCfg = Debug|Any CPU
		{B7E22C30-AF78-4C90-857B-C07E74A9C387}.Debug|Any CPU.Build.0 = Debug|Any CPU
		{B7E22C30-AF78-4C90-857B-C07E74A9C387}.Release|Any CPU.ActiveCfg = Release|Any CPU
		{B7E22C30-AF78-4C90-857B-C07E74A9C387}.Release|Any CPU.Build.0 = Release|Any CPU
		{3242A525-227D-4E69-AE76-EF95BDCC9790}.Debug|Any CPU.ActiveCfg = Debug|Any CPU
		{3242A525-227D-4E69-AE76-EF95BDCC9790}.Debug|Any CPU.Build.0 = Debug|Any CPU
		{3242A525-227D-4E69-AE76-EF95BDCC9790}.Release|Any CPU.ActiveCfg = Release|Any CPU
		{3242A525-227D-4E69-AE76-EF95BDCC9790}.Release|Any CPU.Build.0 = Release|Any CPU
		{0DF1AB01-A6A7-43C8-AFD8-AFCE8059E088}.Debug|Any CPU.ActiveCfg = Debug|Any CPU
		{0DF1AB01-A6A7-43C8-AFD8-AFCE8059E088}.Debug|Any CPU.Build.0 = Debug|Any CPU
		{0DF1AB01-A6A7-43C8-AFD8-AFCE8059E088}.Release|Any CPU.ActiveCfg = Release|Any CPU
		{0DF1AB01-A6A7-43C8-AFD8-AFCE8059E088}.Release|Any CPU.Build.0 = Release|Any CPU
	EndGlobalSection
	GlobalSection(SolutionProperties) = preSolution
		HideSolutionNode = FALSE
	EndGlobalSection
EndGlobal
